
Microsoft Visual Studio Solution File, Format Version 12.00
# Visual Studio Version 17
VisualStudioVersion = 17.7.34202.233
MinimumVisualStudioVersion = 10.0.40219.1
Project("{9A19103F-16F7-4668-BE54-9A1E7A4F7556}") = "BookShellAppWeb", "BookShellAppWeb\BookShellAppWeb.csproj", "{683B6246-E853-466D-8E59-97CFEE3A3B6E}"
EndProject
Global
	GlobalSection(SolutionConfigurationPlatforms) = preSolution
		Debug|Any CPU = Debug|Any CPU
		Release|Any CPU = Release|Any CPU
	EndGlobalSection
	GlobalSection(ProjectConfigurationPlatforms) = postSolution
		{683B6246-E853-466D-8E59-97CFEE3A3B6E}.Debug|Any CPU.ActiveCfg = Debug|Any CPU
		{683B6246-E853-466D-8E59-97CFEE3A3B6E}.Debug|Any CPU.Build.0 = Debug|Any CPU
		{683B6246-E853-466D-8E59-97CFEE3A3B6E}.Release|Any CPU.ActiveCfg = Release|Any CPU
		{683B6246-E853-466D-8E59-97CFEE3A3B6E}.Release|Any CPU.Build.0 = Release|Any CPU
	EndGlobalSection
	GlobalSection(SolutionProperties) = preSolution
		HideSolutionNode = FALSE
	EndGlobalSection
	GlobalSection(ExtensibilityGlobals) = postSolution
		SolutionGuid = {70CA309B-B02B-4995-9D80-75D79F3ED7B5}
	EndGlobalSection
EndGlobal
